
Microsoft Visual Studio Solution File, Format Version 12.00
# Visual Studio Version 16
VisualStudioVersion = 16.0.30011.22
MinimumVisualStudioVersion = 10.0.40219.1
Project("{9A19103F-16F7-4668-BE54-9A1E7A4F7556}") = "Mirai-CSharp.Example", "Mirai-CSharp.Example\Mirai-CSharp.Example.csproj", "{833A64B1-B2C0-45B3-BC16-297F139A6C1B}"
EndProject
Project("{9A19103F-16F7-4668-BE54-9A1E7A4F7556}") = "KiraDX", "KiraDX\KiraDX.csproj", "{B2A02603-2B43-4942-8C53-3DD3E76939A9}"
EndProject
Project("{2150E333-8FDC-42A3-9474-1A3956D46DE8}") = "Solution Items", "Solution Items", "{5BFC2DA5-D5D9-41DA-9CA2-88D993043E75}"
	ProjectSection(SolutionItems) = preProject
		.editorconfig = .editorconfig
		target.txt = target.txt
	EndProjectSection
EndProject
Project("{9A19103F-16F7-4668-BE54-9A1E7A4F7556}") = "KiraWeb", "KiraWeb\KiraWeb\KiraWeb.csproj", "{F9E43C8E-BC69-4B9F-B777-BA4E735DA201}"
EndProject
Global
	GlobalSection(SolutionConfigurationPlatforms) = preSolution
		Debug|Any CPU = Debug|Any CPU
		Release|Any CPU = Release|Any CPU
	EndGlobalSection
	GlobalSection(ProjectConfigurationPlatforms) = postSolution
		{833A64B1-B2C0-45B3-BC16-297F139A6C1B}.Debug|Any CPU.ActiveCfg = Debug|Any CPU
		{833A64B1-B2C0-45B3-BC16-297F139A6C1B}.Debug|Any CPU.Build.0 = Debug|Any CPU
		{833A64B1-B2C0-45B3-BC16-297F139A6C1B}.Release|Any CPU.ActiveCfg = Release|Any CPU
		{833A64B1-B2C0-45B3-BC16-297F139A6C1B}.Release|Any CPU.Build.0 = Release|Any CPU
		{B2A02603-2B43-4942-8C53-3DD3E76939A9}.Debug|Any CPU.ActiveCfg = Debug|Any CPU
		{B2A02603-2B43-4942-8C53-3DD3E76939A9}.Debug|Any CPU.Build.0 = Debug|Any CPU
		{B2A02603-2B43-4942-8C53-3DD3E76939A9}.Release|Any CPU.ActiveCfg = Release|Any CPU
		{B2A02603-2B43-4942-8C53-3DD3E76939A9}.Release|Any CPU.Build.0 = Release|Any CPU
		{F9E43C8E-BC69-4B9F-B777-BA4E735DA201}.Debug|Any CPU.ActiveCfg = Debug|Any CPU
		{F9E43C8E-BC69-4B9F-B777-BA4E735DA201}.Debug|Any CPU.Build.0 = Debug|Any CPU
		{F9E43C8E-BC69-4B9F-B777-BA4E735DA201}.Release|Any CPU.ActiveCfg = Release|Any CPU
		{F9E43C8E-BC69-4B9F-B777-BA4E735DA201}.Release|Any CPU.Build.0 = Release|Any CPU
	EndGlobalSection
	GlobalSection(SolutionProperties) = preSolution
		HideSolutionNode = FALSE
	EndGlobalSection
	GlobalSection(ExtensibilityGlobals) = postSolution
		SolutionGuid = {4C32B1C2-365E-4A22-A0A7-7C461257C3BB}
	EndGlobalSection
EndGlobal
